# THIS IS AN AUTOGENERATED FILE. DO NOT EDIT THIS FILE DIRECTLY.
# yarn lockfile v1


"@types/node@^14.14.39":
  version "14.14.39"
  resolved "https://registry.yarnpkg.com/@types/node/-/node-14.14.39.tgz#9ef394d4eb52953d2890e4839393c309aa25d2d1"
  integrity sha512-Qipn7rfTxGEDqZiezH+wxqWYR8vcXq5LRpZrETD19Gs4o8LbklbmqotSUsMU+s5G3PJwMRDfNEYoxrcBwIxOuw==

barecolor@1.0.1:
  version "1.0.1"
  resolved "https://registry.yarnpkg.com/barecolor/-/barecolor-1.0.1.tgz#1bbbbfc41cedecf74e23fb7d9d054cd8763d92cc"
  integrity sha512-ncJ680U+r1CGBt73L3O6V9GIAPy3hbDmWODEQajwEnDmmzeStvc4UYhapUSxUpS76+MHxyRihzZfwhyl122Zdw==

baretest@^2.0.0:
  version "2.0.0"
  resolved "https://registry.yarnpkg.com/baretest/-/baretest-2.0.0.tgz#5791667b47329c452e1f9bade879ab8dc0b304ba"
  integrity sha512-hRmYnBojeijT3jH0GtqLoHus+adPoeYh2NmcNT3wBPH903AUphcFqs1gJ64fBovDXql51Df24g9D9jcXRZd4vA==
  dependencies:
    barecolor "1.0.1"

node-fetch@^2.6.1:
  version "2.6.1"
  resolved "https://registry.yarnpkg.com/node-fetch/-/node-fetch-2.6.1.tgz#045bd323631f76ed2e2b55573394416b639a0052"
  integrity sha512-V4aYg89jEoVRxRb2fJdAg8FHvI7cEyYdVAh94HH0UIK8oJxUfkjlDQN9RbMx+bEjP7+ggMiFRprSti032Oipxw==

typescript@^4.2.4:
  version "4.2.4"
  resolved "https://registry.yarnpkg.com/typescript/-/typescript-4.2.4.tgz#8610b59747de028fda898a8aef0e103f156d0961"
  integrity sha512-V+evlYHZnQkaz8TRBuxTA92yZBPotr5H+WhQ7bD3hZUndx5tGOa1fuCgeSjxAzM1RiN5IzvadIXTVefuuwZCRg==
